// !$*UTF8*$!
{
	archiveVersion = 1;
	classes = {
	};
	objectVersion = 46;
	objects = {

/* Begin PBXBuildFile section */
		6B331B572713B32189F7C2DD /* libPods-OXCMantle.a in Frameworks */ = {isa = PBXBuildFile; fileRef = E278A0C3ACF562EC7C1C24D9 /* libPods-OXCMantle.a */; };
		85566A171FCAA68F006877EB /* OXCoreDataViewController.m in Sources */ = {isa = PBXBuildFile; fileRef = 85566A161FCAA68F006877EB /* OXCoreDataViewController.m */; };
		85566A461FCAAE4C006877EB /* Model.xcdatamodeld in Sources */ = {isa = PBXBuildFile; fileRef = 85566A441FCAAE4C006877EB /* Model.xcdatamodeld */; };
		8566CFA11FCAC4130036149E /* MTLManagedObjectAdapter.m in Sources */ = {isa = PBXBuildFile; fileRef = 8566CF991FCAC4130036149E /* MTLManagedObjectAdapter.m */; };
		8566CFA21FCAC4130036149E /* EXTScope.m in Sources */ = {isa = PBXBuildFile; fileRef = 8566CF9D1FCAC4130036149E /* EXTScope.m */; };
		8566CFA31FCAC4130036149E /* EXTRuntimeExtensions.m in Sources */ = {isa = PBXBuildFile; fileRef = 8566CF9E1FCAC4130036149E /* EXTRuntimeExtensions.m */; };
		8566CFA71FCAC71D0036149E /* OXCoreDataMantleVC.m in Sources */ = {isa = PBXBuildFile; fileRef = 8566CFA61FCAC71D0036149E /* OXCoreDataMantleVC.m */; };
		9B14FEE81D1AF0CB005A33A8 /* NSValueTransformer+MantleExtention.m in Sources */ = {isa = PBXBuildFile; fileRef = 9B14FEE51D1AF0CB005A33A8 /* NSValueTransformer+MantleExtention.m */; };
		9B14FEE91D1AF0CB005A33A8 /* OXModel.m in Sources */ = {isa = PBXBuildFile; fileRef = 9B14FEE71D1AF0CB005A33A8 /* OXModel.m */; };
		9B14FF0E1D1AF0E7005A33A8 /* NSString+ValidationUtils.m in Sources */ = {isa = PBXBuildFile; fileRef = 9B14FEEC1D1AF0E7005A33A8 /* NSString+ValidationUtils.m */; };
		9B14FF0F1D1AF0E7005A33A8 /* OXArrayTypeValidator.m in Sources */ = {isa = PBXBuildFile; fileRef = 9B14FEEE1D1AF0E7005A33A8 /* OXArrayTypeValidator.m */; };
		9B14FF101D1AF0E7005A33A8 /* OXBaseModelValidator.m in Sources */ = {isa = PBXBuildFile; fileRef = 9B14FEF01D1AF0E7005A33A8 /* OXBaseModelValidator.m */; };
		9B14FF111D1AF0E7005A33A8 /* OXBaseValidator.m in Sources */ = {isa = PBXBuildFile; fileRef = 9B14FEF21D1AF0E7005A33A8 /* OXBaseValidator.m */; };
		9B14FF121D1AF0E7005A33A8 /* OXBooleanTypeValidator.m in Sources */ = {isa = PBXBuildFile; fileRef = 9B14FEF41D1AF0E7005A33A8 /* OXBooleanTypeValidator.m */; };
		9B14FF131D1AF0E7005A33A8 /* OXDateTypeValidator.m in Sources */ = {isa = PBXBuildFile; fileRef = 9B14FEF61D1AF0E7005A33A8 /* OXDateTypeValidator.m */; };
		9B14FF141D1AF0E7005A33A8 /* OXDictionaryTypeValidator.m in Sources */ = {isa = PBXBuildFile; fileRef = 9B14FEF81D1AF0E7005A33A8 /* OXDictionaryTypeValidator.m */; };
		9B14FF151D1AF0E7005A33A8 /* OXDoubleTypeValidator.m in Sources */ = {isa = PBXBuildFile; fileRef = 9B14FEFA1D1AF0E7005A33A8 /* OXDoubleTypeValidator.m */; };
		9B14FF161D1AF0E7005A33A8 /* OXEXTRuntimeExtensions.m in Sources */ = {isa = PBXBuildFile; fileRef = 9B14FEFC1D1AF0E7005A33A8 /* OXEXTRuntimeExtensions.m */; };
		9B14FF171D1AF0E7005A33A8 /* OXFloatTypeValidator.m in Sources */ = {isa = PBXBuildFile; fileRef = 9B14FEFE1D1AF0E7005A33A8 /* OXFloatTypeValidator.m */; };
		9B14FF181D1AF0E7005A33A8 /* OXIntegerTypeValidator.m in Sources */ = {isa = PBXBuildFile; fileRef = 9B14FF001D1AF0E7005A33A8 /* OXIntegerTypeValidator.m */; };
		9B14FF191D1AF0E7005A33A8 /* OXLongTypeValidator.m in Sources */ = {isa = PBXBuildFile; fileRef = 9B14FF021D1AF0E7005A33A8 /* OXLongTypeValidator.m */; };
		9B14FF1A1D1AF0E7005A33A8 /* OXNumberTypeValidator.m in Sources */ = {isa = PBXBuildFile; fileRef = 9B14FF041D1AF0E7005A33A8 /* OXNumberTypeValidator.m */; };
		9B14FF1B1D1AF0E7005A33A8 /* OXStringTypeValidator.m in Sources */ = {isa = PBXBuildFile; fileRef = 9B14FF061D1AF0E7005A33A8 /* OXStringTypeValidator.m */; };
		9B14FF1C1D1AF0E7005A33A8 /* OXUnsignedIntegerTypeValidator.m in Sources */ = {isa = PBXBuildFile; fileRef = 9B14FF081D1AF0E7005A33A8 /* OXUnsignedIntegerTypeValidator.m */; };
		9B14FF1D1D1AF0E7005A33A8 /* OXUnsignedLongTypeValicdator.m in Sources */ = {isa = PBXBuildFile; fileRef = 9B14FF0A1D1AF0E7005A33A8 /* OXUnsignedLongTypeValicdator.m */; };
		9B14FF1E1D1AF0E7005A33A8 /* OXValidatorReflection.m in Sources */ = {isa = PBXBuildFile; fileRef = 9B14FF0D1D1AF0E7005A33A8 /* OXValidatorReflection.m */; };
		9BE8B6B41B72FB14006B8C10 /* main.m in Sources */ = {isa = PBXBuildFile; fileRef = 9BE8B6B31B72FB14006B8C10 /* main.m */; };
		9BE8B6B71B72FB14006B8C10 /* AppDelegate.m in Sources */ = {isa = PBXBuildFile; fileRef = 9BE8B6B61B72FB14006B8C10 /* AppDelegate.m */; };
		9BE8B6BA1B72FB14006B8C10 /* ViewController.m in Sources */ = {isa = PBXBuildFile; fileRef = 9BE8B6B91B72FB14006B8C10 /* ViewController.m */; };
		9BE8B6BD1B72FB14006B8C10 /* Main.storyboard in Resources */ = {isa = PBXBuildFile; fileRef = 9BE8B6BB1B72FB14006B8C10 /* Main.storyboard */; };
		9BE8B6BF1B72FB14006B8C10 /* Images.xcassets in Resources */ = {isa = PBXBuildFile; fileRef = 9BE8B6BE1B72FB14006B8C10 /* Images.xcassets */; };
		9BE8B6C21B72FB14006B8C10 /* LaunchScreen.xib in Resources */ = {isa = PBXBuildFile; fileRef = 9BE8B6C01B72FB14006B8C10 /* LaunchScreen.xib */; };
		9BE8B7E21B7300E9006B8C10 /* ModelExample.m in Sources */ = {isa = PBXBuildFile; fileRef = 9BE8B7D01B7300E9006B8C10 /* ModelExample.m */; };
		9BFEF0501D4A42FD00C2B489 /* OXDValidationFunctions.m in Sources */ = {isa = PBXBuildFile; fileRef = 9BFEF04E1D4A42FD00C2B489 /* OXDValidationFunctions.m */; };
/* End PBXBuildFile section */

/* Begin PBXFileReference section */
		85566A151FCAA68F006877EB /* OXCoreDataViewController.h */ = {isa = PBXFileReference; lastKnownFileType = sourcecode.c.h; path = OXCoreDataViewController.h; sourceTree = "<group>"; };
		85566A161FCAA68F006877EB /* OXCoreDataViewController.m */ = {isa = PBXFileReference; lastKnownFileType = sourcecode.c.objc; path = OXCoreDataViewController.m; sourceTree = "<group>"; };
		85566A451FCAAE4C006877EB /* Model.xcdatamodel */ = {isa = PBXFileReference; explicitFileType = wrapper.xcdatamodel; path = Model.xcdatamodel; sourceTree = "<group>"; };
		8566CF981FCAC4130036149E /* MTLManagedObjectAdapter.h */ = {isa = PBXFileReference; fileEncoding = 4; lastKnownFileType = sourcecode.c.h; name = MTLManagedObjectAdapter.h; path = "../../../../../../Downloads/MTLManagedObjectAdapter-master/MTLManagedObjectAdapter/MTLManagedObjectAdapter.h"; sourceTree = "<group>"; };
		8566CF991FCAC4130036149E /* MTLManagedObjectAdapter.m */ = {isa = PBXFileReference; fileEncoding = 4; lastKnownFileType = sourcecode.c.objc; name = MTLManagedObjectAdapter.m; path = "../../../../../../Downloads/MTLManagedObjectAdapter-master/MTLManagedObjectAdapter/MTLManagedObjectAdapter.m"; sourceTree = "<group>"; };
		8566CF9B1FCAC4130036149E /* EXTRuntimeExtensions.h */ = {isa = PBXFileReference; fileEncoding = 4; lastKnownFileType = sourcecode.c.h; path = EXTRuntimeExtensions.h; sourceTree = "<group>"; };
		8566CF9C1FCAC4130036149E /* metamacros.h */ = {isa = PBXFileReference; fileEncoding = 4; lastKnownFileType = sourcecode.c.h; path = metamacros.h; sourceTree = "<group>"; };
		8566CF9D1FCAC4130036149E /* EXTScope.m */ = {isa = PBXFileReference; fileEncoding = 4; lastKnownFileType = sourcecode.c.objc; path = EXTScope.m; sourceTree = "<group>"; };
		8566CF9E1FCAC4130036149E /* EXTRuntimeExtensions.m */ = {isa = PBXFileReference; fileEncoding = 4; lastKnownFileType = sourcecode.c.objc; path = EXTRuntimeExtensions.m; sourceTree = "<group>"; };
		8566CF9F1FCAC4130036149E /* EXTScope.h */ = {isa = PBXFileReference; fileEncoding = 4; lastKnownFileType = sourcecode.c.h; path = EXTScope.h; sourceTree = "<group>"; };
		8566CFA01FCAC4130036149E /* EXTKeyPathCoding.h */ = {isa = PBXFileReference; fileEncoding = 4; lastKnownFileType = sourcecode.c.h; path = EXTKeyPathCoding.h; sourceTree = "<group>"; };
		8566CFA51FCAC71D0036149E /* OXCoreDataMantleVC.h */ = {isa = PBXFileReference; lastKnownFileType = sourcecode.c.h; path = OXCoreDataMantleVC.h; sourceTree = "<group>"; };
		8566CFA61FCAC71D0036149E /* OXCoreDataMantleVC.m */ = {isa = PBXFileReference; lastKnownFileType = sourcecode.c.objc; path = OXCoreDataMantleVC.m; sourceTree = "<group>"; };
		9B0344F21D10080300532921 /* ProtocolExample.h */ = {isa = PBXFileReference; fileEncoding = 4; lastKnownFileType = sourcecode.c.h; path = ProtocolExample.h; sourceTree = "<group>"; };
		9B14FEE41D1AF0CB005A33A8 /* NSValueTransformer+MantleExtention.h */ = {isa = PBXFileReference; fileEncoding = 4; lastKnownFileType = sourcecode.c.h; path = "NSValueTransformer+MantleExtention.h"; sourceTree = "<group>"; };
		9B14FEE51D1AF0CB005A33A8 /* NSValueTransformer+MantleExtention.m */ = {isa = PBXFileReference; fileEncoding = 4; lastKnownFileType = sourcecode.c.objc; path = "NSValueTransformer+MantleExtention.m"; sourceTree = "<group>"; };
		9B14FEE61D1AF0CB005A33A8 /* OXModel.h */ = {isa = PBXFileReference; fileEncoding = 4; lastKnownFileType = sourcecode.c.h; path = OXModel.h; sourceTree = "<group>"; };
		9B14FEE71D1AF0CB005A33A8 /* OXModel.m */ = {isa = PBXFileReference; fileEncoding = 4; lastKnownFileType = sourcecode.c.objc; path = OXModel.m; sourceTree = "<group>"; };
		9B14FEEB1D1AF0E7005A33A8 /* NSString+ValidationUtils.h */ = {isa = PBXFileReference; fileEncoding = 4; lastKnownFileType = sourcecode.c.h; path = "NSString+ValidationUtils.h"; sourceTree = "<group>"; };
		9B14FEEC1D1AF0E7005A33A8 /* NSString+ValidationUtils.m */ = {isa = PBXFileReference; fileEncoding = 4; lastKnownFileType = sourcecode.c.objc; path = "NSString+ValidationUtils.m"; sourceTree = "<group>"; };
		9B14FEED1D1AF0E7005A33A8 /* OXArrayTypeValidator.h */ = {isa = PBXFileReference; fileEncoding = 4; lastKnownFileType = sourcecode.c.h; path = OXArrayTypeValidator.h; sourceTree = "<group>"; };
		9B14FEEE1D1AF0E7005A33A8 /* OXArrayTypeValidator.m */ = {isa = PBXFileReference; fileEncoding = 4; lastKnownFileType = sourcecode.c.objc; path = OXArrayTypeValidator.m; sourceTree = "<group>"; };
		9B14FEEF1D1AF0E7005A33A8 /* OXBaseModelValidator.h */ = {isa = PBXFileReference; fileEncoding = 4; lastKnownFileType = sourcecode.c.h; path = OXBaseModelValidator.h; sourceTree = "<group>"; };
		9B14FEF01D1AF0E7005A33A8 /* OXBaseModelValidator.m */ = {isa = PBXFileReference; fileEncoding = 4; lastKnownFileType = sourcecode.c.objc; path = OXBaseModelValidator.m; sourceTree = "<group>"; };
		9B14FEF11D1AF0E7005A33A8 /* OXBaseValidator.h */ = {isa = PBXFileReference; fileEncoding = 4; lastKnownFileType = sourcecode.c.h; path = OXBaseValidator.h; sourceTree = "<group>"; };
		9B14FEF21D1AF0E7005A33A8 /* OXBaseValidator.m */ = {isa = PBXFileReference; fileEncoding = 4; lastKnownFileType = sourcecode.c.objc; path = OXBaseValidator.m; sourceTree = "<group>"; };
		9B14FEF31D1AF0E7005A33A8 /* OXBooleanTypeValidator.h */ = {isa = PBXFileReference; fileEncoding = 4; lastKnownFileType = sourcecode.c.h; path = OXBooleanTypeValidator.h; sourceTree = "<group>"; };
		9B14FEF41D1AF0E7005A33A8 /* OXBooleanTypeValidator.m */ = {isa = PBXFileReference; fileEncoding = 4; lastKnownFileType = sourcecode.c.objc; path = OXBooleanTypeValidator.m; sourceTree = "<group>"; };
		9B14FEF51D1AF0E7005A33A8 /* OXDateTypeValidator.h */ = {isa = PBXFileReference; fileEncoding = 4; lastKnownFileType = sourcecode.c.h; path = OXDateTypeValidator.h; sourceTree = "<group>"; };
		9B14FEF61D1AF0E7005A33A8 /* OXDateTypeValidator.m */ = {isa = PBXFileReference; fileEncoding = 4; lastKnownFileType = sourcecode.c.objc; path = OXDateTypeValidator.m; sourceTree = "<group>"; };
		9B14FEF71D1AF0E7005A33A8 /* OXDictionaryTypeValidator.h */ = {isa = PBXFileReference; fileEncoding = 4; lastKnownFileType = sourcecode.c.h; path = OXDictionaryTypeValidator.h; sourceTree = "<group>"; };
		9B14FEF81D1AF0E7005A33A8 /* OXDictionaryTypeValidator.m */ = {isa = PBXFileReference; fileEncoding = 4; lastKnownFileType = sourcecode.c.objc; path = OXDictionaryTypeValidator.m; sourceTree = "<group>"; };
		9B14FEF91D1AF0E7005A33A8 /* OXDoubleTypeValidator.h */ = {isa = PBXFileReference; fileEncoding = 4; lastKnownFileType = sourcecode.c.h; path = OXDoubleTypeValidator.h; sourceTree = "<group>"; };
		9B14FEFA1D1AF0E7005A33A8 /* OXDoubleTypeValidator.m */ = {isa = PBXFileReference; fileEncoding = 4; lastKnownFileType = sourcecode.c.objc; path = OXDoubleTypeValidator.m; sourceTree = "<group>"; };
		9B14FEFB1D1AF0E7005A33A8 /* OXEXTRuntimeExtensions.h */ = {isa = PBXFileReference; fileEncoding = 4; lastKnownFileType = sourcecode.c.h; path = OXEXTRuntimeExtensions.h; sourceTree = "<group>"; };
		9B14FEFC1D1AF0E7005A33A8 /* OXEXTRuntimeExtensions.m */ = {isa = PBXFileReference; fileEncoding = 4; lastKnownFileType = sourcecode.c.objc; path = OXEXTRuntimeExtensions.m; sourceTree = "<group>"; };
		9B14FEFD1D1AF0E7005A33A8 /* OXFloatTypeValidator.h */ = {isa = PBXFileReference; fileEncoding = 4; lastKnownFileType = sourcecode.c.h; path = OXFloatTypeValidator.h; sourceTree = "<group>"; };
		9B14FEFE1D1AF0E7005A33A8 /* OXFloatTypeValidator.m */ = {isa = PBXFileReference; fileEncoding = 4; lastKnownFileType = sourcecode.c.objc; path = OXFloatTypeValidator.m; sourceTree = "<group>"; };
		9B14FEFF1D1AF0E7005A33A8 /* OXIntegerTypeValidator.h */ = {isa = PBXFileReference; fileEncoding = 4; lastKnownFileType = sourcecode.c.h; path = OXIntegerTypeValidator.h; sourceTree = "<group>"; };
		9B14FF001D1AF0E7005A33A8 /* OXIntegerTypeValidator.m */ = {isa = PBXFileReference; fileEncoding = 4; lastKnownFileType = sourcecode.c.objc; path = OXIntegerTypeValidator.m; sourceTree = "<group>"; };
		9B14FF011D1AF0E7005A33A8 /* OXLongTypeValidator.h */ = {isa = PBXFileReference; fileEncoding = 4; lastKnownFileType = sourcecode.c.h; path = OXLongTypeValidator.h; sourceTree = "<group>"; };
		9B14FF021D1AF0E7005A33A8 /* OXLongTypeValidator.m */ = {isa = PBXFileReference; fileEncoding = 4; lastKnownFileType = sourcecode.c.objc; path = OXLongTypeValidator.m; sourceTree = "<group>"; };
		9B14FF031D1AF0E7005A33A8 /* OXNumberTypeValidator.h */ = {isa = PBXFileReference; fileEncoding = 4; lastKnownFileType = sourcecode.c.h; path = OXNumberTypeValidator.h; sourceTree = "<group>"; };
		9B14FF041D1AF0E7005A33A8 /* OXNumberTypeValidator.m */ = {isa = PBXFileReference; fileEncoding = 4; lastKnownFileType = sourcecode.c.objc; path = OXNumberTypeValidator.m; sourceTree = "<group>"; };
		9B14FF051D1AF0E7005A33A8 /* OXStringTypeValidator.h */ = {isa = PBXFileReference; fileEncoding = 4; lastKnownFileType = sourcecode.c.h; path = OXStringTypeValidator.h; sourceTree = "<group>"; };
		9B14FF061D1AF0E7005A33A8 /* OXStringTypeValidator.m */ = {isa = PBXFileReference; fileEncoding = 4; lastKnownFileType = sourcecode.c.objc; path = OXStringTypeValidator.m; sourceTree = "<group>"; };
		9B14FF071D1AF0E7005A33A8 /* OXUnsignedIntegerTypeValidator.h */ = {isa = PBXFileReference; fileEncoding = 4; lastKnownFileType = sourcecode.c.h; path = OXUnsignedIntegerTypeValidator.h; sourceTree = "<group>"; };
		9B14FF081D1AF0E7005A33A8 /* OXUnsignedIntegerTypeValidator.m */ = {isa = PBXFileReference; fileEncoding = 4; lastKnownFileType = sourcecode.c.objc; path = OXUnsignedIntegerTypeValidator.m; sourceTree = "<group>"; };
		9B14FF091D1AF0E7005A33A8 /* OXUnsignedLongTypeValicdator.h */ = {isa = PBXFileReference; fileEncoding = 4; lastKnownFileType = sourcecode.c.h; path = OXUnsignedLongTypeValicdator.h; sourceTree = "<group>"; };
		9B14FF0A1D1AF0E7005A33A8 /* OXUnsignedLongTypeValicdator.m */ = {isa = PBXFileReference; fileEncoding = 4; lastKnownFileType = sourcecode.c.objc; path = OXUnsignedLongTypeValicdator.m; sourceTree = "<group>"; };
		9B14FF0B1D1AF0E7005A33A8 /* OXValidationFunctions.h */ = {isa = PBXFileReference; fileEncoding = 4; lastKnownFileType = sourcecode.c.h; path = OXValidationFunctions.h; sourceTree = "<group>"; };
		9B14FF0C1D1AF0E7005A33A8 /* OXValidatorReflection.h */ = {isa = PBXFileReference; fileEncoding = 4; lastKnownFileType = sourcecode.c.h; path = OXValidatorReflection.h; sourceTree = "<group>"; };
		9B14FF0D1D1AF0E7005A33A8 /* OXValidatorReflection.m */ = {isa = PBXFileReference; fileEncoding = 4; lastKnownFileType = sourcecode.c.objc; path = OXValidatorReflection.m; sourceTree = "<group>"; };
		9B14FF1F1D1AF0FE005A33A8 /* OXCMantle.h */ = {isa = PBXFileReference; lastKnownFileType = sourcecode.c.h; path = OXCMantle.h; sourceTree = "<group>"; };
		9BE8B6AE1B72FB14006B8C10 /* OXCMantle.app */ = {isa = PBXFileReference; explicitFileType = wrapper.application; includeInIndex = 0; path = OXCMantle.app; sourceTree = BUILT_PRODUCTS_DIR; };
		9BE8B6B21B72FB14006B8C10 /* Info.plist */ = {isa = PBXFileReference; lastKnownFileType = text.plist.xml; path = Info.plist; sourceTree = "<group>"; };
		9BE8B6B31B72FB14006B8C10 /* main.m */ = {isa = PBXFileReference; lastKnownFileType = sourcecode.c.objc; path = main.m; sourceTree = "<group>"; };
		9BE8B6B51B72FB14006B8C10 /* AppDelegate.h */ = {isa = PBXFileReference; lastKnownFileType = sourcecode.c.h; path = AppDelegate.h; sourceTree = "<group>"; };
		9BE8B6B61B72FB14006B8C10 /* AppDelegate.m */ = {isa = PBXFileReference; lastKnownFileType = sourcecode.c.objc; path = AppDelegate.m; sourceTree = "<group>"; };
		9BE8B6B81B72FB14006B8C10 /* ViewController.h */ = {isa = PBXFileReference; lastKnownFileType = sourcecode.c.h; path = ViewController.h; sourceTree = "<group>"; };
		9BE8B6B91B72FB14006B8C10 /* ViewController.m */ = {isa = PBXFileReference; lastKnownFileType = sourcecode.c.objc; path = ViewController.m; sourceTree = "<group>"; };
		9BE8B6BC1B72FB14006B8C10 /* Base */ = {isa = PBXFileReference; lastKnownFileType = file.storyboard; name = Base; path = Base.lproj/Main.storyboard; sourceTree = "<group>"; };
		9BE8B6BE1B72FB14006B8C10 /* Images.xcassets */ = {isa = PBXFileReference; lastKnownFileType = folder.assetcatalog; path = Images.xcassets; sourceTree = "<group>"; };
		9BE8B6C11B72FB14006B8C10 /* Base */ = {isa = PBXFileReference; lastKnownFileType = file.xib; name = Base; path = Base.lproj/LaunchScreen.xib; sourceTree = "<group>"; };
		9BE8B7CF1B7300E9006B8C10 /* ModelExample.h */ = {isa = PBXFileReference; fileEncoding = 4; lastKnownFileType = sourcecode.c.h; path = ModelExample.h; sourceTree = "<group>"; };
		9BE8B7D01B7300E9006B8C10 /* ModelExample.m */ = {isa = PBXFileReference; fileEncoding = 4; lastKnownFileType = sourcecode.c.objc; path = ModelExample.m; sourceTree = "<group>"; };
		9BFEF04E1D4A42FD00C2B489 /* OXDValidationFunctions.m */ = {isa = PBXFileReference; fileEncoding = 4; lastKnownFileType = sourcecode.c.objc; path = OXDValidationFunctions.m; sourceTree = "<group>"; };
		9BFEF04F1D4A42FD00C2B489 /* OXDValidationFunctions.h */ = {isa = PBXFileReference; fileEncoding = 4; lastKnownFileType = sourcecode.c.h; path = OXDValidationFunctions.h; sourceTree = "<group>"; };
		CE87EDF28C1E88D2E10C27DF /* Pods-OXCMantle.release.xcconfig */ = {isa = PBXFileReference; includeInIndex = 1; lastKnownFileType = text.xcconfig; name = "Pods-OXCMantle.release.xcconfig"; path = "Pods/Target Support Files/Pods-OXCMantle/Pods-OXCMantle.release.xcconfig"; sourceTree = "<group>"; };
		E278A0C3ACF562EC7C1C24D9 /* libPods-OXCMantle.a */ = {isa = PBXFileReference; explicitFileType = archive.ar; includeInIndex = 0; path = "libPods-OXCMantle.a"; sourceTree = BUILT_PRODUCTS_DIR; };
		FA927B5695AC1E92812A897B /* Pods-OXCMantle.debug.xcconfig */ = {isa = PBXFileReference; includeInIndex = 1; lastKnownFileType = text.xcconfig; name = "Pods-OXCMantle.debug.xcconfig"; path = "Pods/Target Support Files/Pods-OXCMantle/Pods-OXCMantle.debug.xcconfig"; sourceTree = "<group>"; };
/* End PBXFileReference section */

/* Begin PBXFrameworksBuildPhase section */
		9BE8B6AB1B72FB14006B8C10 /* Frameworks */ = {
			isa = PBXFrameworksBuildPhase;
			buildActionMask = 2147483647;
			files = (
				6B331B572713B32189F7C2DD /* libPods-OXCMantle.a in Frameworks */,
			);
			runOnlyForDeploymentPostprocessing = 0;
		};
/* End PBXFrameworksBuildPhase section */

/* Begin PBXGroup section */
		85566A131FCAA655006877EB /* JSON */ = {
			isa = PBXGroup;
			children = (
				9BE8B6B81B72FB14006B8C10 /* ViewController.h */,
				9BE8B6B91B72FB14006B8C10 /* ViewController.m */,
				9BE8B7CF1B7300E9006B8C10 /* ModelExample.h */,
				9BE8B7D01B7300E9006B8C10 /* ModelExample.m */,
				9B0344F21D10080300532921 /* ProtocolExample.h */,
			);
			path = JSON;
			sourceTree = "<group>";
		};
		85566A141FCAA664006877EB /* CoreData */ = {
			isa = PBXGroup;
			children = (
				85566A5F1FCAB27F006877EB /* ManagedObj */,
				85566A151FCAA68F006877EB /* OXCoreDataViewController.h */,
				85566A161FCAA68F006877EB /* OXCoreDataViewController.m */,
				85566A441FCAAE4C006877EB /* Model.xcdatamodeld */,
			);
			path = CoreData;
			sourceTree = "<group>";
		};
		85566A5F1FCAB27F006877EB /* ManagedObj */ = {
			isa = PBXGroup;
			children = (
			);
			path = ManagedObj;
			sourceTree = "<group>";
		};
		8566CF921FCAC3610036149E /* MantleCoreData */ = {
			isa = PBXGroup;
			children = (
				8566CF9A1FCAC4130036149E /* extobjc */,
				8566CF981FCAC4130036149E /* MTLManagedObjectAdapter.h */,
				8566CF991FCAC4130036149E /* MTLManagedObjectAdapter.m */,
			);
			path = MantleCoreData;
			sourceTree = "<group>";
		};
		8566CF9A1FCAC4130036149E /* extobjc */ = {
			isa = PBXGroup;
			children = (
				8566CF9B1FCAC4130036149E /* EXTRuntimeExtensions.h */,
				8566CF9C1FCAC4130036149E /* metamacros.h */,
				8566CF9D1FCAC4130036149E /* EXTScope.m */,
				8566CF9E1FCAC4130036149E /* EXTRuntimeExtensions.m */,
				8566CF9F1FCAC4130036149E /* EXTScope.h */,
				8566CFA01FCAC4130036149E /* EXTKeyPathCoding.h */,
			);
			name = extobjc;
			path = "../../../../../../Downloads/MTLManagedObjectAdapter-master/MTLManagedObjectAdapter/extobjc";
			sourceTree = "<group>";
		};
		8566CFA41FCAC6EC0036149E /* CoreDataMantle */ = {
			isa = PBXGroup;
			children = (
				8566CFA51FCAC71D0036149E /* OXCoreDataMantleVC.h */,
				8566CFA61FCAC71D0036149E /* OXCoreDataMantleVC.m */,
			);
			path = CoreDataMantle;
			sourceTree = "<group>";
		};
		99F0FFA48570BFF60845C9DB /* Frameworks */ = {
			isa = PBXGroup;
			children = (
				E278A0C3ACF562EC7C1C24D9 /* libPods-OXCMantle.a */,
			);
			name = Frameworks;
			sourceTree = "<group>";
		};
		9B14FEE31D1AF0CB005A33A8 /* OXCModel */ = {
			isa = PBXGroup;
			children = (
				9B14FEE41D1AF0CB005A33A8 /* NSValueTransformer+MantleExtention.h */,
				9B14FEE51D1AF0CB005A33A8 /* NSValueTransformer+MantleExtention.m */,
				9B14FEE61D1AF0CB005A33A8 /* OXModel.h */,
				9B14FEE71D1AF0CB005A33A8 /* OXModel.m */,
			);
			path = OXCModel;
			sourceTree = "<group>";
		};
		9B14FEEA1D1AF0E7005A33A8 /* OXCValidation */ = {
			isa = PBXGroup;
			children = (
				9BFEF04D1D4A423B00C2B489 /* OXValidationClass */,
				9BFEF04C1D4A422200C2B489 /* Wenger */,
				9BFEF04B1D4A41CB00C2B489 /* OXValidationFunctions */,
			);
			path = OXCValidation;
			sourceTree = "<group>";
		};
		9BE8B6A51B72FB14006B8C10 = {
			isa = PBXGroup;
			children = (
				9BE8B6B01B72FB14006B8C10 /* OXCMantle */,
				9BE8B6AF1B72FB14006B8C10 /* Products */,
				BFC88EC68F60884A5CF146AA /* Pods */,
				99F0FFA48570BFF60845C9DB /* Frameworks */,
			);
			sourceTree = "<group>";
		};
		9BE8B6AF1B72FB14006B8C10 /* Products */ = {
			isa = PBXGroup;
			children = (
				9BE8B6AE1B72FB14006B8C10 /* OXCMantle.app */,
			);
			name = Products;
			sourceTree = "<group>";
		};
		9BE8B6B01B72FB14006B8C10 /* OXCMantle */ = {
			isa = PBXGroup;
			children = (
				9BE8B7A91B7300E9006B8C10 /* Classes */,
				9BE8B7CE1B7300E9006B8C10 /* ModelExample */,
				9BE8B6B51B72FB14006B8C10 /* AppDelegate.h */,
				9BE8B6B61B72FB14006B8C10 /* AppDelegate.m */,
				9BE8B6BB1B72FB14006B8C10 /* Main.storyboard */,
				9BE8B6BE1B72FB14006B8C10 /* Images.xcassets */,
				9BE8B6C01B72FB14006B8C10 /* LaunchScreen.xib */,
				9BE8B6B11B72FB14006B8C10 /* Supporting Files */,
			);
			path = OXCMantle;
			sourceTree = "<group>";
		};
		9BE8B6B11B72FB14006B8C10 /* Supporting Files */ = {
			isa = PBXGroup;
			children = (
				9BE8B6B21B72FB14006B8C10 /* Info.plist */,
				9BE8B6B31B72FB14006B8C10 /* main.m */,
			);
			name = "Supporting Files";
			sourceTree = "<group>";
		};
		9BE8B7A91B7300E9006B8C10 /* Classes */ = {
			isa = PBXGroup;
			children = (
				8566CF921FCAC3610036149E /* MantleCoreData */,
				9B14FEEA1D1AF0E7005A33A8 /* OXCValidation */,
				9B14FEE31D1AF0CB005A33A8 /* OXCModel */,
				9B14FF1F1D1AF0FE005A33A8 /* OXCMantle.h */,
			);
			path = Classes;
			sourceTree = "<group>";
		};
		9BE8B7CE1B7300E9006B8C10 /* ModelExample */ = {
			isa = PBXGroup;
			children = (
				8566CFA41FCAC6EC0036149E /* CoreDataMantle */,
				85566A141FCAA664006877EB /* CoreData */,
				85566A131FCAA655006877EB /* JSON */,
			);
			path = ModelExample;
			sourceTree = "<group>";
		};
		9BFEF04B1D4A41CB00C2B489 /* OXValidationFunctions */ = {
			isa = PBXGroup;
			children = (
				9B14FF0B1D1AF0E7005A33A8 /* OXValidationFunctions.h */,
				9BFEF04F1D4A42FD00C2B489 /* OXDValidationFunctions.h */,
				9BFEF04E1D4A42FD00C2B489 /* OXDValidationFunctions.m */,
			);
			name = OXValidationFunctions;
			sourceTree = "<group>";
		};
		9BFEF04C1D4A422200C2B489 /* Wenger */ = {
			isa = PBXGroup;
			children = (
				9B14FEEB1D1AF0E7005A33A8 /* NSString+ValidationUtils.h */,
				9B14FEEC1D1AF0E7005A33A8 /* NSString+ValidationUtils.m */,
				9B14FF0C1D1AF0E7005A33A8 /* OXValidatorReflection.h */,
				9B14FF0D1D1AF0E7005A33A8 /* OXValidatorReflection.m */,
			);
			name = Wenger;
			sourceTree = "<group>";
		};
		9BFEF04D1D4A423B00C2B489 /* OXValidationClass */ = {
			isa = PBXGroup;
			children = (
				9B14FEED1D1AF0E7005A33A8 /* OXArrayTypeValidator.h */,
				9B14FEEE1D1AF0E7005A33A8 /* OXArrayTypeValidator.m */,
				9B14FEEF1D1AF0E7005A33A8 /* OXBaseModelValidator.h */,
				9B14FEF01D1AF0E7005A33A8 /* OXBaseModelValidator.m */,
				9B14FEF11D1AF0E7005A33A8 /* OXBaseValidator.h */,
				9B14FEF21D1AF0E7005A33A8 /* OXBaseValidator.m */,
				9B14FEF31D1AF0E7005A33A8 /* OXBooleanTypeValidator.h */,
				9B14FEF41D1AF0E7005A33A8 /* OXBooleanTypeValidator.m */,
				9B14FEF51D1AF0E7005A33A8 /* OXDateTypeValidator.h */,
				9B14FEF61D1AF0E7005A33A8 /* OXDateTypeValidator.m */,
				9B14FEF71D1AF0E7005A33A8 /* OXDictionaryTypeValidator.h */,
				9B14FEF81D1AF0E7005A33A8 /* OXDictionaryTypeValidator.m */,
				9B14FEF91D1AF0E7005A33A8 /* OXDoubleTypeValidator.h */,
				9B14FEFA1D1AF0E7005A33A8 /* OXDoubleTypeValidator.m */,
				9B14FEFB1D1AF0E7005A33A8 /* OXEXTRuntimeExtensions.h */,
				9B14FEFC1D1AF0E7005A33A8 /* OXEXTRuntimeExtensions.m */,
				9B14FEFD1D1AF0E7005A33A8 /* OXFloatTypeValidator.h */,
				9B14FEFE1D1AF0E7005A33A8 /* OXFloatTypeValidator.m */,
				9B14FEFF1D1AF0E7005A33A8 /* OXIntegerTypeValidator.h */,
				9B14FF001D1AF0E7005A33A8 /* OXIntegerTypeValidator.m */,
				9B14FF011D1AF0E7005A33A8 /* OXLongTypeValidator.h */,
				9B14FF021D1AF0E7005A33A8 /* OXLongTypeValidator.m */,
				9B14FF031D1AF0E7005A33A8 /* OXNumberTypeValidator.h */,
				9B14FF041D1AF0E7005A33A8 /* OXNumberTypeValidator.m */,
				9B14FF051D1AF0E7005A33A8 /* OXStringTypeValidator.h */,
				9B14FF061D1AF0E7005A33A8 /* OXStringTypeValidator.m */,
				9B14FF071D1AF0E7005A33A8 /* OXUnsignedIntegerTypeValidator.h */,
				9B14FF081D1AF0E7005A33A8 /* OXUnsignedIntegerTypeValidator.m */,
				9B14FF091D1AF0E7005A33A8 /* OXUnsignedLongTypeValicdator.h */,
				9B14FF0A1D1AF0E7005A33A8 /* OXUnsignedLongTypeValicdator.m */,
			);
			name = OXValidationClass;
			sourceTree = "<group>";
		};
		BFC88EC68F60884A5CF146AA /* Pods */ = {
			isa = PBXGroup;
			children = (
				FA927B5695AC1E92812A897B /* Pods-OXCMantle.debug.xcconfig */,
				CE87EDF28C1E88D2E10C27DF /* Pods-OXCMantle.release.xcconfig */,
			);
			name = Pods;
			sourceTree = "<group>";
		};
/* End PBXGroup section */

/* Begin PBXNativeTarget section */
		9BE8B6AD1B72FB14006B8C10 /* OXCMantle */ = {
			isa = PBXNativeTarget;
			buildConfigurationList = 9BE8B6D11B72FB15006B8C10 /* Build configuration list for PBXNativeTarget "OXCMantle" */;
			buildPhases = (
				790E408B7A8121BFD92EC442 /* [CP] Check Pods Manifest.lock */,
				9BE8B6AA1B72FB14006B8C10 /* Sources */,
				9BE8B6AB1B72FB14006B8C10 /* Frameworks */,
				9BE8B6AC1B72FB14006B8C10 /* Resources */,
				1CE37B541ACB79D78059A9FF /* [CP] Embed Pods Frameworks */,
				37D39B45C281E2FED52F8261 /* [CP] Copy Pods Resources */,
			);
			buildRules = (
			);
			dependencies = (
			);
			name = OXCMantle;
			productName = OXCMantle;
			productReference = 9BE8B6AE1B72FB14006B8C10 /* OXCMantle.app */;
			productType = "com.apple.product-type.application";
		};
/* End PBXNativeTarget section */

/* Begin PBXProject section */
		9BE8B6A61B72FB14006B8C10 /* Project object */ = {
			isa = PBXProject;
			attributes = {
				LastUpgradeCheck = 0730;
				ORGANIZATIONNAME = "张旭东";
				TargetAttributes = {
					9BE8B6AD1B72FB14006B8C10 = {
						CreatedOnToolsVersion = 6.4;
					};
				};
			};
			buildConfigurationList = 9BE8B6A91B72FB14006B8C10 /* Build configuration list for PBXProject "OXCMantle" */;
			compatibilityVersion = "Xcode 3.2";
			developmentRegion = English;
			hasScannedForEncodings = 0;
			knownRegions = (
				en,
				Base,
			);
			mainGroup = 9BE8B6A51B72FB14006B8C10;
			productRefGroup = 9BE8B6AF1B72FB14006B8C10 /* Products */;
			projectDirPath = "";
			projectRoot = "";
			targets = (
				9BE8B6AD1B72FB14006B8C10 /* OXCMantle */,
			);
		};
/* End PBXProject section */

/* Begin PBXResourcesBuildPhase section */
		9BE8B6AC1B72FB14006B8C10 /* Resources */ = {
			isa = PBXResourcesBuildPhase;
			buildActionMask = 2147483647;
			files = (
				9BE8B6BD1B72FB14006B8C10 /* Main.storyboard in Resources */,
				9BE8B6C21B72FB14006B8C10 /* LaunchScreen.xib in Resources */,
				9BE8B6BF1B72FB14006B8C10 /* Images.xcassets in Resources */,
			);
			runOnlyForDeploymentPostprocessing = 0;
		};
/* End PBXResourcesBuildPhase section */

/* Begin PBXShellScriptBuildPhase section */
		1CE37B541ACB79D78059A9FF /* [CP] Embed Pods Frameworks */ = {
			isa = PBXShellScriptBuildPhase;
			buildActionMask = 2147483647;
			files = (
			);
			inputPaths = (
			);
			name = "[CP] Embed Pods Frameworks";
			outputPaths = (
			);
			runOnlyForDeploymentPostprocessing = 0;
			shellPath = /bin/sh;
			shellScript = "\"${SRCROOT}/Pods/Target Support Files/Pods-OXCMantle/Pods-OXCMantle-frameworks.sh\"\n";
			showEnvVarsInLog = 0;
		};
		37D39B45C281E2FED52F8261 /* [CP] Copy Pods Resources */ = {
			isa = PBXShellScriptBuildPhase;
			buildActionMask = 2147483647;
			files = (
			);
			inputPaths = (
			);
			name = "[CP] Copy Pods Resources";
			outputPaths = (
			);
			runOnlyForDeploymentPostprocessing = 0;
			shellPath = /bin/sh;
			shellScript = "\"${SRCROOT}/Pods/Target Support Files/Pods-OXCMantle/Pods-OXCMantle-resources.sh\"\n";
			showEnvVarsInLog = 0;
		};
		790E408B7A8121BFD92EC442 /* [CP] Check Pods Manifest.lock */ = {
			isa = PBXShellScriptBuildPhase;
			buildActionMask = 2147483647;
			files = (
			);
			inputPaths = (
			);
			name = "[CP] Check Pods Manifest.lock";
			outputPaths = (
			);
			runOnlyForDeploymentPostprocessing = 0;
			shellPath = /bin/sh;
			shellScript = "diff \"${PODS_PODFILE_DIR_PATH}/Podfile.lock\" \"${PODS_ROOT}/Manifest.lock\" > /dev/null\nif [ $? != 0 ] ; then\n    # print error to STDERR\n    echo \"error: The sandbox is not in sync with the Podfile.lock. Run 'pod install' or update your CocoaPods installation.\" >&2\n    exit 1\nfi\n";
			showEnvVarsInLog = 0;
		};
/* End PBXShellScriptBuildPhase section */

/* Begin PBXSourcesBuildPhase section */
		9BE8B6AA1B72FB14006B8C10 /* Sources */ = {
			isa = PBXSourcesBuildPhase;
			buildActionMask = 2147483647;
			files = (
				9B14FF1B1D1AF0E7005A33A8 /* OXStringTypeValidator.m in Sources */,
				9B14FF0E1D1AF0E7005A33A8 /* NSString+ValidationUtils.m in Sources */,
				9BE8B6BA1B72FB14006B8C10 /* ViewController.m in Sources */,
				9B14FF111D1AF0E7005A33A8 /* OXBaseValidator.m in Sources */,
				9B14FF181D1AF0E7005A33A8 /* OXIntegerTypeValidator.m in Sources */,
				9B14FEE81D1AF0CB005A33A8 /* NSValueTransformer+MantleExtention.m in Sources */,
				9B14FF121D1AF0E7005A33A8 /* OXBooleanTypeValidator.m in Sources */,
				9B14FF1E1D1AF0E7005A33A8 /* OXValidatorReflection.m in Sources */,
				9BE8B6B71B72FB14006B8C10 /* AppDelegate.m in Sources */,
				9B14FF1D1D1AF0E7005A33A8 /* OXUnsignedLongTypeValicdator.m in Sources */,
				9B14FF171D1AF0E7005A33A8 /* OXFloatTypeValidator.m in Sources */,
				85566A461FCAAE4C006877EB /* Model.xcdatamodeld in Sources */,
				8566CFA31FCAC4130036149E /* EXTRuntimeExtensions.m in Sources */,
				9B14FF151D1AF0E7005A33A8 /* OXDoubleTypeValidator.m in Sources */,
				9BE8B6B41B72FB14006B8C10 /* main.m in Sources */,
				9B14FEE91D1AF0CB005A33A8 /* OXModel.m in Sources */,
				9B14FF141D1AF0E7005A33A8 /* OXDictionaryTypeValidator.m in Sources */,
				8566CFA11FCAC4130036149E /* MTLManagedObjectAdapter.m in Sources */,
				9BE8B7E21B7300E9006B8C10 /* ModelExample.m in Sources */,
				9BFEF0501D4A42FD00C2B489 /* OXDValidationFunctions.m in Sources */,
				9B14FF131D1AF0E7005A33A8 /* OXDateTypeValidator.m in Sources */,
				9B14FF101D1AF0E7005A33A8 /* OXBaseModelValidator.m in Sources */,
				9B14FF1C1D1AF0E7005A33A8 /* OXUnsignedIntegerTypeValidator.m in Sources */,
				8566CFA71FCAC71D0036149E /* OXCoreDataMantleVC.m in Sources */,
				9B14FF161D1AF0E7005A33A8 /* OXEXTRuntimeExtensions.m in Sources */,
				85566A171FCAA68F006877EB /* OXCoreDataViewController.m in Sources */,
				8566CFA21FCAC4130036149E /* EXTScope.m in Sources */,
				9B14FF0F1D1AF0E7005A33A8 /* OXArrayTypeValidator.m in Sources */,
				9B14FF1A1D1AF0E7005A33A8 /* OXNumberTypeValidator.m in Sources */,
				9B14FF191D1AF0E7005A33A8 /* OXLongTypeValidator.m in Sources */,
			);
			runOnlyForDeploymentPostprocessing = 0;
		};
/* End PBXSourcesBuildPhase section */

/* Begin PBXVariantGroup section */
		9BE8B6BB1B72FB14006B8C10 /* Main.storyboard */ = {
			isa = PBXVariantGroup;
			children = (
				9BE8B6BC1B72FB14006B8C10 /* Base */,
			);
			name = Main.storyboard;
			sourceTree = "<group>";
		};
		9BE8B6C01B72FB14006B8C10 /* LaunchScreen.xib */ = {
			isa = PBXVariantGroup;
			children = (
				9BE8B6C11B72FB14006B8C10 /* Base */,
			);
			name = LaunchScreen.xib;
			sourceTree = "<group>";
		};
/* End PBXVariantGroup section */

/* Begin XCBuildConfiguration section */
		9BE8B6CF1B72FB15006B8C10 /* Debug */ = {
			isa = XCBuildConfiguration;
			buildSettings = {
				ALWAYS_SEARCH_USER_PATHS = NO;
				CLANG_CXX_LANGUAGE_STANDARD = "gnu++0x";
				CLANG_CXX_LIBRARY = "libc++";
				CLANG_ENABLE_MODULES = YES;
				CLANG_ENABLE_OBJC_ARC = YES;
				CLANG_WARN_BOOL_CONVERSION = YES;
				CLANG_WARN_CONSTANT_CONVERSION = YES;
				CLANG_WARN_DIRECT_OBJC_ISA_USAGE = YES_ERROR;
				CLANG_WARN_EMPTY_BODY = YES;
				CLANG_WARN_ENUM_CONVERSION = YES;
				CLANG_WARN_INT_CONVERSION = YES;
				CLANG_WARN_OBJC_ROOT_CLASS = YES_ERROR;
				CLANG_WARN_UNREACHABLE_CODE = YES;
				CLANG_WARN__DUPLICATE_METHOD_MATCH = YES;
				"CODE_SIGN_IDENTITY[sdk=iphoneos*]" = "iPhone Developer";
				COPY_PHASE_STRIP = NO;
				DEBUG_INFORMATION_FORMAT = "dwarf-with-dsym";
				ENABLE_STRICT_OBJC_MSGSEND = YES;
				ENABLE_TESTABILITY = YES;
				GCC_C_LANGUAGE_STANDARD = gnu99;
				GCC_DYNAMIC_NO_PIC = NO;
				GCC_NO_COMMON_BLOCKS = YES;
				GCC_OPTIMIZATION_LEVEL = 0;
				GCC_PREPROCESSOR_DEFINITIONS = (
					"DEBUG=1",
					"$(inherited)",
				);
				GCC_SYMBOLS_PRIVATE_EXTERN = NO;
				GCC_WARN_64_TO_32_BIT_CONVERSION = YES;
				GCC_WARN_ABOUT_RETURN_TYPE = YES_ERROR;
				GCC_WARN_UNDECLARED_SELECTOR = YES;
				GCC_WARN_UNINITIALIZED_AUTOS = YES_AGGRESSIVE;
				GCC_WARN_UNUSED_FUNCTION = YES;
				GCC_WARN_UNUSED_VARIABLE = YES;
				IPHONEOS_DEPLOYMENT_TARGET = 8.4;
				MTL_ENABLE_DEBUG_INFO = YES;
				ONLY_ACTIVE_ARCH = YES;
				SDKROOT = iphoneos;
			};
			name = Debug;
		};
		9BE8B6D01B72FB15006B8C10 /* Release */ = {
			isa = XCBuildConfiguration;
			buildSettings = {
				ALWAYS_SEARCH_USER_PATHS = NO;
				CLANG_CXX_LANGUAGE_STANDARD = "gnu++0x";
				CLANG_CXX_LIBRARY = "libc++";
				CLANG_ENABLE_MODULES = YES;
				CLANG_ENABLE_OBJC_ARC = YES;
				CLANG_WARN_BOOL_CONVERSION = YES;
				CLANG_WARN_CONSTANT_CONVERSION = YES;
				CLANG_WARN_DIRECT_OBJC_ISA_USAGE = YES_ERROR;
				CLANG_WARN_EMPTY_BODY = YES;
				CLANG_WARN_ENUM_CONVERSION = YES;
				CLANG_WARN_INT_CONVERSION = YES;
				CLANG_WARN_OBJC_ROOT_CLASS = YES_ERROR;
				CLANG_WARN_UNREACHABLE_CODE = YES;
				CLANG_WARN__DUPLICATE_METHOD_MATCH = YES;
				"CODE_SIGN_IDENTITY[sdk=iphoneos*]" = "iPhone Developer";
				COPY_PHASE_STRIP = NO;
				DEBUG_INFORMATION_FORMAT = "dwarf-with-dsym";
				ENABLE_NS_ASSERTIONS = NO;
				ENABLE_STRICT_OBJC_MSGSEND = YES;
				GCC_C_LANGUAGE_STANDARD = gnu99;
				GCC_NO_COMMON_BLOCKS = YES;
				GCC_WARN_64_TO_32_BIT_CONVERSION = YES;
				GCC_WARN_ABOUT_RETURN_TYPE = YES_ERROR;
				GCC_WARN_UNDECLARED_SELECTOR = YES;
				GCC_WARN_UNINITIALIZED_AUTOS = YES_AGGRESSIVE;
				GCC_WARN_UNUSED_FUNCTION = YES;
				GCC_WARN_UNUSED_VARIABLE = YES;
				IPHONEOS_DEPLOYMENT_TARGET = 8.4;
				MTL_ENABLE_DEBUG_INFO = NO;
				SDKROOT = iphoneos;
				VALIDATE_PRODUCT = YES;
			};
			name = Release;
		};
		9BE8B6D21B72FB15006B8C10 /* Debug */ = {
			isa = XCBuildConfiguration;
			baseConfigurationReference = FA927B5695AC1E92812A897B /* Pods-OXCMantle.debug.xcconfig */;
			buildSettings = {
				ASSETCATALOG_COMPILER_APPICON_NAME = AppIcon;
				INFOPLIST_FILE = OXCMantle/Info.plist;
				LD_RUNPATH_SEARCH_PATHS = "$(inherited) @executable_path/Frameworks";
				PRODUCT_BUNDLE_IDENTIFIER = "XD.$(PRODUCT_NAME:rfc1034identifier)";
				PRODUCT_NAME = "$(TARGET_NAME)";
			};
			name = Debug;
		};
		9BE8B6D31B72FB15006B8C10 /* Release */ = {
			isa = XCBuildConfiguration;
			baseConfigurationReference = CE87EDF28C1E88D2E10C27DF /* Pods-OXCMantle.release.xcconfig */;
			buildSettings = {
				ASSETCATALOG_COMPILER_APPICON_NAME = AppIcon;
				INFOPLIST_FILE = OXCMantle/Info.plist;
				LD_RUNPATH_SEARCH_PATHS = "$(inherited) @executable_path/Frameworks";
				PRODUCT_BUNDLE_IDENTIFIER = "XD.$(PRODUCT_NAME:rfc1034identifier)";
				PRODUCT_NAME = "$(TARGET_NAME)";
			};
			name = Release;
		};
/* End XCBuildConfiguration section */

/* Begin XCConfigurationList section */
		9BE8B6A91B72FB14006B8C10 /* Build configuration list for PBXProject "OXCMantle" */ = {
			isa = XCConfigurationList;
			buildConfigurations = (
				9BE8B6CF1B72FB15006B8C10 /* Debug */,
				9BE8B6D01B72FB15006B8C10 /* Release */,
			);
			defaultConfigurationIsVisible = 0;
			defaultConfigurationName = Release;
		};
		9BE8B6D11B72FB15006B8C10 /* Build configuration list for PBXNativeTarget "OXCMantle" */ = {
			isa = XCConfigurationList;
			buildConfigurations = (
				9BE8B6D21B72FB15006B8C10 /* Debug */,
				9BE8B6D31B72FB15006B8C10 /* Release */,
			);
			defaultConfigurationIsVisible = 0;
			defaultConfigurationName = Release;
		};
/* End XCConfigurationList section */

/* Begin XCVersionGroup section */
		85566A441FCAAE4C006877EB /* Model.xcdatamodeld */ = {
			isa = XCVersionGroup;
			children = (
				85566A451FCAAE4C006877EB /* Model.xcdatamodel */,
			);
			currentVersion = 85566A451FCAAE4C006877EB /* Model.xcdatamodel */;
			path = Model.xcdatamodeld;
			sourceTree = "<group>";
			versionGroupType = wrapper.xcdatamodel;
		};
/* End XCVersionGroup section */
	};
	rootObject = 9BE8B6A61B72FB14006B8C10 /* Project object */;
}
